
Microsoft Visual Studio Solution File, Format Version 12.00
# Visual Studio Version 16
VisualStudioVersion = 16.0.31105.61
MinimumVisualStudioVersion = 10.0.40219.1
Project("{FAE04EC0-301F-11D3-BF4B-00C04F79EFBC}") = "LineComparison", "LineComparison.csproj", "{437803A3-2430-434F-B64E-D7B91C6AAFFF}"
EndProject
Global
	GlobalSection(SolutionConfigurationPlatforms) = preSolution
		Debug|Any CPU = Debug|Any CPU
		Release|Any CPU = Release|Any CPU
	EndGlobalSection
	GlobalSection(ProjectConfigurationPlatforms) = postSolution
		{437803A3-2430-434F-B64E-D7B91C6AAFFF}.Debug|Any CPU.ActiveCfg = Debug|Any CPU
		{437803A3-2430-434F-B64E-D7B91C6AAFFF}.Debug|Any CPU.Build.0 = Debug|Any CPU
		{437803A3-2430-434F-B64E-D7B91C6AAFFF}.Release|Any CPU.ActiveCfg = Release|Any CPU
		{437803A3-2430-434F-B64E-D7B91C6AAFFF}.Release|Any CPU.Build.0 = Release|Any CPU
	EndGlobalSection
	GlobalSection(SolutionProperties) = preSolution
		HideSolutionNode = FALSE
	EndGlobalSection
	GlobalSection(ExtensibilityGlobals) = postSolution
		SolutionGuid = {CC2DF0DE-DDEF-4F23-98B0-82DC3809E060}
	EndGlobalSection
EndGlobal
